
Microsoft Visual Studio Solution File, Format Version 12.00
# Visual Studio 14
VisualStudioVersion = 14.0.25420.1
MinimumVisualStudioVersion = 10.0.40219.1
Project("{FAE04EC0-301F-11D3-BF4B-00C04F79EFBC}") = "Calculator", "Calculator\Calculator.csproj", "{38F06ABB-AC87-4E9F-9016-45F52043EA8E}"
EndProject
Project("{FAE04EC0-301F-11D3-BF4B-00C04F79EFBC}") = "TestCalculator", "UnitTestProject1\TestCalculator.csproj", "{283AC358-396F-4037-BA89-2B43CA1ED846}"
EndProject
Global
	GlobalSection(SolutionConfigurationPlatforms) = preSolution
		Debug|Any CPU = Debug|Any CPU
		Release|Any CPU = Release|Any CPU
	EndGlobalSection
	GlobalSection(ProjectConfigurationPlatforms) = postSolution
		{38F06ABB-AC87-4E9F-9016-45F52043EA8E}.Debug|Any CPU.ActiveCfg = Debug|Any CPU
		{38F06ABB-AC87-4E9F-9016-45F52043EA8E}.Debug|Any CPU.Build.0 = Debug|Any CPU
		{38F06ABB-AC87-4E9F-9016-45F52043EA8E}.Release|Any CPU.ActiveCfg = Release|Any CPU
		{38F06ABB-AC87-4E9F-9016-45F52043EA8E}.Release|Any CPU.Build.0 = Release|Any CPU
		{283AC358-396F-4037-BA89-2B43CA1ED846}.Debug|Any CPU.ActiveCfg = Debug|Any CPU
		{283AC358-396F-4037-BA89-2B43CA1ED846}.Debug|Any CPU.Build.0 = Debug|Any CPU
		{283AC358-396F-4037-BA89-2B43CA1ED846}.Release|Any CPU.ActiveCfg = Release|Any CPU
		{283AC358-396F-4037-BA89-2B43CA1ED846}.Release|Any CPU.Build.0 = Release|Any CPU
	EndGlobalSection
	GlobalSection(SolutionProperties) = preSolution
		HideSolutionNode = FALSE
	EndGlobalSection
EndGlobal
